// !$*UTF8*$!
{
	archiveVersion = 1;
	classes = {
	};
	objectVersion = 46;
	objects = {

/* Begin PBXBuildFile section */
		25D94B0CEA0596EB8C3B1A37 /* Pods_ATDownLoader_Tests.framework in Frameworks */ = {isa = PBXBuildFile; fileRef = 8883A2AD5389965F28127079 /* Pods_ATDownLoader_Tests.framework */; };
		3165398621D085FC0012A1D1 /* ATDownLoader.m in Sources */ = {isa = PBXBuildFile; fileRef = 3165397E21D085FC0012A1D1 /* ATDownLoader.m */; };
		3165398721D085FC0012A1D1 /* ATFileTool.m in Sources */ = {isa = PBXBuildFile; fileRef = 3165398221D085FC0012A1D1 /* ATFileTool.m */; };
		3165398821D085FC0012A1D1 /* ATDownLoaderManager.m in Sources */ = {isa = PBXBuildFile; fileRef = 3165398421D085FC0012A1D1 /* ATDownLoaderManager.m */; };
		3165398921D085FC0012A1D1 /* NSString+ATMD5.m in Sources */ = {isa = PBXBuildFile; fileRef = 3165398521D085FC0012A1D1 /* NSString+ATMD5.m */; };
		316539B321D22B8A0012A1D1 /* crypt.c in Sources */ = {isa = PBXBuildFile; fileRef = 3165398D21D22B8A0012A1D1 /* crypt.c */; };
		316539B421D22B8A0012A1D1 /* unzip.c in Sources */ = {isa = PBXBuildFile; fileRef = 3165398E21D22B8A0012A1D1 /* unzip.c */; };
		316539B521D22B8A0012A1D1 /* zip.c in Sources */ = {isa = PBXBuildFile; fileRef = 3165398F21D22B8A0012A1D1 /* zip.c */; };
		316539B621D22B8A0012A1D1 /* ioapi.c in Sources */ = {isa = PBXBuildFile; fileRef = 3165399121D22B8A0012A1D1 /* ioapi.c */; };
		316539B721D22B8A0012A1D1 /* ioapi_buf.c in Sources */ = {isa = PBXBuildFile; fileRef = 3165399321D22B8A0012A1D1 /* ioapi_buf.c */; };
		316539B821D22B8A0012A1D1 /* ioapi_mem.c in Sources */ = {isa = PBXBuildFile; fileRef = 3165399721D22B8A0012A1D1 /* ioapi_mem.c */; };
		316539B921D22B8A0012A1D1 /* minishared.c in Sources */ = {isa = PBXBuildFile; fileRef = 3165399821D22B8A0012A1D1 /* minishared.c */; };
		316539BA21D22B8A0012A1D1 /* aeskey.c in Sources */ = {isa = PBXBuildFile; fileRef = 3165399E21D22B8A0012A1D1 /* aeskey.c */; };
		316539BB21D22B8A0012A1D1 /* hmac.c in Sources */ = {isa = PBXBuildFile; fileRef = 3165399F21D22B8A0012A1D1 /* hmac.c */; };
		316539BC21D22B8A0012A1D1 /* aescrypt.c in Sources */ = {isa = PBXBuildFile; fileRef = 316539A221D22B8A0012A1D1 /* aescrypt.c */; };
		316539BD21D22B8A0012A1D1 /* fileenc.c in Sources */ = {isa = PBXBuildFile; fileRef = 316539A321D22B8A0012A1D1 /* fileenc.c */; };
		316539BE21D22B8A0012A1D1 /* sha1.c in Sources */ = {isa = PBXBuildFile; fileRef = 316539A521D22B8A0012A1D1 /* sha1.c */; };
		316539BF21D22B8A0012A1D1 /* aes_ni.c in Sources */ = {isa = PBXBuildFile; fileRef = 316539A821D22B8A0012A1D1 /* aes_ni.c */; };
		316539C021D22B8A0012A1D1 /* prng.c in Sources */ = {isa = PBXBuildFile; fileRef = 316539AA21D22B8A0012A1D1 /* prng.c */; };
		316539C121D22B8A0012A1D1 /* pwd2key.c in Sources */ = {isa = PBXBuildFile; fileRef = 316539AC21D22B8A0012A1D1 /* pwd2key.c */; };
		316539C221D22B8A0012A1D1 /* aestab.c in Sources */ = {isa = PBXBuildFile; fileRef = 316539AD21D22B8A0012A1D1 /* aestab.c */; };
		316539C321D22B8A0012A1D1 /* SSZipArchive.m in Sources */ = {isa = PBXBuildFile; fileRef = 316539B221D22B8A0012A1D1 /* SSZipArchive.m */; };
		6003F58E195388D20070C39A /* Foundation.framework in Frameworks */ = {isa = PBXBuildFile; fileRef = 6003F58D195388D20070C39A /* Foundation.framework */; };
		6003F590195388D20070C39A /* CoreGraphics.framework in Frameworks */ = {isa = PBXBuildFile; fileRef = 6003F58F195388D20070C39A /* CoreGraphics.framework */; };
		6003F592195388D20070C39A /* UIKit.framework in Frameworks */ = {isa = PBXBuildFile; fileRef = 6003F591195388D20070C39A /* UIKit.framework */; };
		6003F598195388D20070C39A /* InfoPlist.strings in Resources */ = {isa = PBXBuildFile; fileRef = 6003F596195388D20070C39A /* InfoPlist.strings */; };
		6003F59A195388D20070C39A /* main.m in Sources */ = {isa = PBXBuildFile; fileRef = 6003F599195388D20070C39A /* main.m */; };
		6003F59E195388D20070C39A /* ATAppDelegate.m in Sources */ = {isa = PBXBuildFile; fileRef = 6003F59D195388D20070C39A /* ATAppDelegate.m */; };
		6003F5A7195388D20070C39A /* ATViewController.m in Sources */ = {isa = PBXBuildFile; fileRef = 6003F5A6195388D20070C39A /* ATViewController.m */; };
		6003F5A9195388D20070C39A /* Images.xcassets in Resources */ = {isa = PBXBuildFile; fileRef = 6003F5A8195388D20070C39A /* Images.xcassets */; };
		6003F5B0195388D20070C39A /* XCTest.framework in Frameworks */ = {isa = PBXBuildFile; fileRef = 6003F5AF195388D20070C39A /* XCTest.framework */; };
		6003F5B1195388D20070C39A /* Foundation.framework in Frameworks */ = {isa = PBXBuildFile; fileRef = 6003F58D195388D20070C39A /* Foundation.framework */; };
		6003F5B2195388D20070C39A /* UIKit.framework in Frameworks */ = {isa = PBXBuildFile; fileRef = 6003F591195388D20070C39A /* UIKit.framework */; };
		6003F5BA195388D20070C39A /* InfoPlist.strings in Resources */ = {isa = PBXBuildFile; fileRef = 6003F5B8195388D20070C39A /* InfoPlist.strings */; };
		6003F5BC195388D20070C39A /* Tests.m in Sources */ = {isa = PBXBuildFile; fileRef = 6003F5BB195388D20070C39A /* Tests.m */; };
		71719F9F1E33DC2100824A3D /* LaunchScreen.storyboard in Resources */ = {isa = PBXBuildFile; fileRef = 71719F9D1E33DC2100824A3D /* LaunchScreen.storyboard */; };
		873B8AEB1B1F5CCA007FD442 /* Main.storyboard in Resources */ = {isa = PBXBuildFile; fileRef = 873B8AEA1B1F5CCA007FD442 /* Main.storyboard */; };
		D890B99E3975FC72083A2712 /* Pods_ATDownLoader_Example.framework in Frameworks */ = {isa = PBXBuildFile; fileRef = 57B0A0767AE1783860000010 /* Pods_ATDownLoader_Example.framework */; };
/* End PBXBuildFile section */

/* Begin PBXContainerItemProxy section */
		6003F5B3195388D20070C39A /* PBXContainerItemProxy */ = {
			isa = PBXContainerItemProxy;
			containerPortal = 6003F582195388D10070C39A /* Project object */;
			proxyType = 1;
			remoteGlobalIDString = 6003F589195388D20070C39A;
			remoteInfo = ATDownLoader;
		};
/* End PBXContainerItemProxy section */

/* Begin PBXFileReference section */
		14F308B561BDF2EE0763BA05 /* ATDownLoader.podspec */ = {isa = PBXFileReference; includeInIndex = 1; lastKnownFileType = text; name = ATDownLoader.podspec; path = ../ATDownLoader.podspec; sourceTree = "<group>"; };
		2852CEDB213DC526224615E8 /* Pods-ATDownLoader_Example.debug.xcconfig */ = {isa = PBXFileReference; includeInIndex = 1; lastKnownFileType = text.xcconfig; name = "Pods-ATDownLoader_Example.debug.xcconfig"; path = "Target Support Files/Pods-ATDownLoader_Example/Pods-ATDownLoader_Example.debug.xcconfig"; sourceTree = "<group>"; };
		3165397E21D085FC0012A1D1 /* ATDownLoader.m */ = {isa = PBXFileReference; fileEncoding = 4; lastKnownFileType = sourcecode.c.objc; path = ATDownLoader.m; sourceTree = "<group>"; };
		3165397F21D085FC0012A1D1 /* ATFileTool.h */ = {isa = PBXFileReference; fileEncoding = 4; lastKnownFileType = sourcecode.c.h; path = ATFileTool.h; sourceTree = "<group>"; };
		3165398021D085FC0012A1D1 /* NSString+ATMD5.h */ = {isa = PBXFileReference; fileEncoding = 4; lastKnownFileType = sourcecode.c.h; path = "NSString+ATMD5.h"; sourceTree = "<group>"; };
		3165398121D085FC0012A1D1 /* ATDownLoaderManager.h */ = {isa = PBXFileReference; fileEncoding = 4; lastKnownFileType = sourcecode.c.h; path = ATDownLoaderManager.h; sourceTree = "<group>"; };
		3165398221D085FC0012A1D1 /* ATFileTool.m */ = {isa = PBXFileReference; fileEncoding = 4; lastKnownFileType = sourcecode.c.objc; path = ATFileTool.m; sourceTree = "<group>"; };
		3165398321D085FC0012A1D1 /* ATDownLoader.h */ = {isa = PBXFileReference; fileEncoding = 4; lastKnownFileType = sourcecode.c.h; path = ATDownLoader.h; sourceTree = "<group>"; };
		3165398421D085FC0012A1D1 /* ATDownLoaderManager.m */ = {isa = PBXFileReference; fileEncoding = 4; lastKnownFileType = sourcecode.c.objc; path = ATDownLoaderManager.m; sourceTree = "<group>"; };
		3165398521D085FC0012A1D1 /* NSString+ATMD5.m */ = {isa = PBXFileReference; fileEncoding = 4; lastKnownFileType = sourcecode.c.objc; path = "NSString+ATMD5.m"; sourceTree = "<group>"; };
		3165398B21D22B8A0012A1D1 /* ZipArchive.h */ = {isa = PBXFileReference; fileEncoding = 4; lastKnownFileType = sourcecode.c.h; path = ZipArchive.h; sourceTree = "<group>"; };
		3165398D21D22B8A0012A1D1 /* crypt.c */ = {isa = PBXFileReference; fileEncoding = 4; lastKnownFileType = sourcecode.c.c; path = crypt.c; sourceTree = "<group>"; };
		3165398E21D22B8A0012A1D1 /* unzip.c */ = {isa = PBXFileReference; fileEncoding = 4; lastKnownFileType = sourcecode.c.c; path = unzip.c; sourceTree = "<group>"; };
		3165398F21D22B8A0012A1D1 /* zip.c */ = {isa = PBXFileReference; fileEncoding = 4; lastKnownFileType = sourcecode.c.c; path = zip.c; sourceTree = "<group>"; };
		3165399021D22B8A0012A1D1 /* minishared.h */ = {isa = PBXFileReference; fileEncoding = 4; lastKnownFileType = sourcecode.c.h; path = minishared.h; sourceTree = "<group>"; };
		3165399121D22B8A0012A1D1 /* ioapi.c */ = {isa = PBXFileReference; fileEncoding = 4; lastKnownFileType = sourcecode.c.c; path = ioapi.c; sourceTree = "<group>"; };
		3165399221D22B8A0012A1D1 /* ioapi_mem.h */ = {isa = PBXFileReference; fileEncoding = 4; lastKnownFileType = sourcecode.c.h; path = ioapi_mem.h; sourceTree = "<group>"; };
		3165399321D22B8A0012A1D1 /* ioapi_buf.c */ = {isa = PBXFileReference; fileEncoding = 4; lastKnownFileType = sourcecode.c.c; path = ioapi_buf.c; sourceTree = "<group>"; };
		3165399421D22B8A0012A1D1 /* crypt.h */ = {isa = PBXFileReference; fileEncoding = 4; lastKnownFileType = sourcecode.c.h; path = crypt.h; sourceTree = "<group>"; };
		3165399521D22B8A0012A1D1 /* zip.h */ = {isa = PBXFileReference; fileEncoding = 4; lastKnownFileType = sourcecode.c.h; path = zip.h; sourceTree = "<group>"; };
		3165399621D22B8A0012A1D1 /* unzip.h */ = {isa = PBXFileReference; fileEncoding = 4; lastKnownFileType = sourcecode.c.h; path = unzip.h; sourceTree = "<group>"; };
		3165399721D22B8A0012A1D1 /* ioapi_mem.c */ = {isa = PBXFileReference; fileEncoding = 4; lastKnownFileType = sourcecode.c.c; path = ioapi_mem.c; sourceTree = "<group>"; };
		3165399821D22B8A0012A1D1 /* minishared.c */ = {isa = PBXFileReference; fileEncoding = 4; lastKnownFileType = sourcecode.c.c; path = minishared.c; sourceTree = "<group>"; };
		3165399921D22B8A0012A1D1 /* ioapi.h */ = {isa = PBXFileReference; fileEncoding = 4; lastKnownFileType = sourcecode.c.h; path = ioapi.h; sourceTree = "<group>"; };
		3165399A21D22B8A0012A1D1 /* ioapi_buf.h */ = {isa = PBXFileReference; fileEncoding = 4; lastKnownFileType = sourcecode.c.h; path = ioapi_buf.h; sourceTree = "<group>"; };
		3165399C21D22B8A0012A1D1 /* prng.h */ = {isa = PBXFileReference; fileEncoding = 4; lastKnownFileType = sourcecode.c.h; path = prng.h; sourceTree = "<group>"; };
		3165399D21D22B8A0012A1D1 /* aes_ni.h */ = {isa = PBXFileReference; fileEncoding = 4; lastKnownFileType = sourcecode.c.h; path = aes_ni.h; sourceTree = "<group>"; };
		3165399E21D22B8A0012A1D1 /* aeskey.c */ = {isa = PBXFileReference; fileEncoding = 4; lastKnownFileType = sourcecode.c.c; path = aeskey.c; sourceTree = "<group>"; };
		3165399F21D22B8A0012A1D1 /* hmac.c */ = {isa = PBXFileReference; fileEncoding = 4; lastKnownFileType = sourcecode.c.c; path = hmac.c; sourceTree = "<group>"; };
		316539A021D22B8A0012A1D1 /* aestab.h */ = {isa = PBXFileReference; fileEncoding = 4; lastKnownFileType = sourcecode.c.h; path = aestab.h; sourceTree = "<group>"; };
		316539A121D22B8A0012A1D1 /* pwd2key.h */ = {isa = PBXFileReference; fileEncoding = 4; lastKnownFileType = sourcecode.c.h; path = pwd2key.h; sourceTree = "<group>"; };
		316539A221D22B8A0012A1D1 /* aescrypt.c */ = {isa = PBXFileReference; fileEncoding = 4; lastKnownFileType = sourcecode.c.c; path = aescrypt.c; sourceTree = "<group>"; };
		316539A321D22B8A0012A1D1 /* fileenc.c */ = {isa = PBXFileReference; fileEncoding = 4; lastKnownFileType = sourcecode.c.c; path = fileenc.c; sourceTree = "<group>"; };
		316539A421D22B8A0012A1D1 /* aesopt.h */ = {isa = PBXFileReference; fileEncoding = 4; lastKnownFileType = sourcecode.c.h; path = aesopt.h; sourceTree = "<group>"; };
		316539A521D22B8A0012A1D1 /* sha1.c */ = {isa = PBXFileReference; fileEncoding = 4; lastKnownFileType = sourcecode.c.c; path = sha1.c; sourceTree = "<group>"; };
		316539A621D22B8A0012A1D1 /* brg_types.h */ = {isa = PBXFileReference; fileEncoding = 4; lastKnownFileType = sourcecode.c.h; path = brg_types.h; sourceTree = "<group>"; };
		316539A721D22B8A0012A1D1 /* hmac.h */ = {isa = PBXFileReference; fileEncoding = 4; lastKnownFileType = sourcecode.c.h; path = hmac.h; sourceTree = "<group>"; };
		316539A821D22B8A0012A1D1 /* aes_ni.c */ = {isa = PBXFileReference; fileEncoding = 4; lastKnownFileType = sourcecode.c.c; path = aes_ni.c; sourceTree = "<group>"; };
		316539A921D22B8A0012A1D1 /* brg_endian.h */ = {isa = PBXFileReference; fileEncoding = 4; lastKnownFileType = sourcecode.c.h; path = brg_endian.h; sourceTree = "<group>"; };
		316539AA21D22B8A0012A1D1 /* prng.c */ = {isa = PBXFileReference; fileEncoding = 4; lastKnownFileType = sourcecode.c.c; path = prng.c; sourceTree = "<group>"; };
		316539AB21D22B8A0012A1D1 /* aes.h */ = {isa = PBXFileReference; fileEncoding = 4; lastKnownFileType = sourcecode.c.h; path = aes.h; sourceTree = "<group>"; };
		316539AC21D22B8A0012A1D1 /* pwd2key.c */ = {isa = PBXFileReference; fileEncoding = 4; lastKnownFileType = sourcecode.c.c; path = pwd2key.c; sourceTree = "<group>"; };
		316539AD21D22B8A0012A1D1 /* aestab.c */ = {isa = PBXFileReference; fileEncoding = 4; lastKnownFileType = sourcecode.c.c; path = aestab.c; sourceTree = "<group>"; };
		316539AE21D22B8A0012A1D1 /* sha1.h */ = {isa = PBXFileReference; fileEncoding = 4; lastKnownFileType = sourcecode.c.h; path = sha1.h; sourceTree = "<group>"; };
		316539AF21D22B8A0012A1D1 /* fileenc.h */ = {isa = PBXFileReference; fileEncoding = 4; lastKnownFileType = sourcecode.c.h; path = fileenc.h; sourceTree = "<group>"; };
		316539B021D22B8A0012A1D1 /* SSZipArchive.h */ = {isa = PBXFileReference; fileEncoding = 4; lastKnownFileType = sourcecode.c.h; path = SSZipArchive.h; sourceTree = "<group>"; };
		316539B121D22B8A0012A1D1 /* SSZipCommon.h */ = {isa = PBXFileReference; fileEncoding = 4; lastKnownFileType = sourcecode.c.h; path = SSZipCommon.h; sourceTree = "<group>"; };
		316539B221D22B8A0012A1D1 /* SSZipArchive.m */ = {isa = PBXFileReference; fileEncoding = 4; lastKnownFileType = sourcecode.c.objc; path = SSZipArchive.m; sourceTree = "<group>"; };
		57B0A0767AE1783860000010 /* Pods_ATDownLoader_Example.framework */ = {isa = PBXFileReference; explicitFileType = wrapper.framework; includeInIndex = 0; path = Pods_ATDownLoader_Example.framework; sourceTree = BUILT_PRODUCTS_DIR; };
		6003F58A195388D20070C39A /* ATDownLoader_Example.app */ = {isa = PBXFileReference; explicitFileType = wrapper.application; includeInIndex = 0; path = ATDownLoader_Example.app; sourceTree = BUILT_PRODUCTS_DIR; };
		6003F58D195388D20070C39A /* Foundation.framework */ = {isa = PBXFileReference; lastKnownFileType = wrapper.framework; name = Foundation.framework; path = System/Library/Frameworks/Foundation.framework; sourceTree = SDKROOT; };
		6003F58F195388D20070C39A /* CoreGraphics.framework */ = {isa = PBXFileReference; lastKnownFileType = wrapper.framework; name = CoreGraphics.framework; path = System/Library/Frameworks/CoreGraphics.framework; sourceTree = SDKROOT; };
		6003F591195388D20070C39A /* UIKit.framework */ = {isa = PBXFileReference; lastKnownFileType = wrapper.framework; name = UIKit.framework; path = System/Library/Frameworks/UIKit.framework; sourceTree = SDKROOT; };
		6003F595195388D20070C39A /* ATDownLoader-Info.plist */ = {isa = PBXFileReference; lastKnownFileType = text.plist.xml; path = "ATDownLoader-Info.plist"; sourceTree = "<group>"; };
		6003F597195388D20070C39A /* en */ = {isa = PBXFileReference; lastKnownFileType = text.plist.strings; name = en; path = en.lproj/InfoPlist.strings; sourceTree = "<group>"; };
		6003F599195388D20070C39A /* main.m */ = {isa = PBXFileReference; lastKnownFileType = sourcecode.c.objc; path = main.m; sourceTree = "<group>"; };
		6003F59B195388D20070C39A /* ATDownLoader-Prefix.pch */ = {isa = PBXFileReference; lastKnownFileType = sourcecode.c.h; path = "ATDownLoader-Prefix.pch"; sourceTree = "<group>"; };
		6003F59C195388D20070C39A /* ATAppDelegate.h */ = {isa = PBXFileReference; lastKnownFileType = sourcecode.c.h; path = ATAppDelegate.h; sourceTree = "<group>"; };
		6003F59D195388D20070C39A /* ATAppDelegate.m */ = {isa = PBXFileReference; lastKnownFileType = sourcecode.c.objc; path = ATAppDelegate.m; sourceTree = "<group>"; };
		6003F5A5195388D20070C39A /* ATViewController.h */ = {isa = PBXFileReference; lastKnownFileType = sourcecode.c.h; path = ATViewController.h; sourceTree = "<group>"; };
		6003F5A6195388D20070C39A /* ATViewController.m */ = {isa = PBXFileReference; lastKnownFileType = sourcecode.c.objc; path = ATViewController.m; sourceTree = "<group>"; };
		6003F5A8195388D20070C39A /* Images.xcassets */ = {isa = PBXFileReference; lastKnownFileType = folder.assetcatalog; path = Images.xcassets; sourceTree = "<group>"; };
		6003F5AE195388D20070C39A /* ATDownLoader_Tests.xctest */ = {isa = PBXFileReference; explicitFileType = wrapper.cfbundle; includeInIndex = 0; path = ATDownLoader_Tests.xctest; sourceTree = BUILT_PRODUCTS_DIR; };
		6003F5AF195388D20070C39A /* XCTest.framework */ = {isa = PBXFileReference; lastKnownFileType = wrapper.framework; name = XCTest.framework; path = Library/Frameworks/XCTest.framework; sourceTree = DEVELOPER_DIR; };
		6003F5B7195388D20070C39A /* Tests-Info.plist */ = {isa = PBXFileReference; lastKnownFileType = text.plist.xml; path = "Tests-Info.plist"; sourceTree = "<group>"; };
		6003F5B9195388D20070C39A /* en */ = {isa = PBXFileReference; lastKnownFileType = text.plist.strings; name = en; path = en.lproj/InfoPlist.strings; sourceTree = "<group>"; };
		6003F5BB195388D20070C39A /* Tests.m */ = {isa = PBXFileReference; lastKnownFileType = sourcecode.c.objc; path = Tests.m; sourceTree = "<group>"; };
		606FC2411953D9B200FFA9A0 /* Tests-Prefix.pch */ = {isa = PBXFileReference; lastKnownFileType = sourcecode.c.h; path = "Tests-Prefix.pch"; sourceTree = "<group>"; };
		65268E8FF9E060834CAEBB21 /* LICENSE */ = {isa = PBXFileReference; includeInIndex = 1; lastKnownFileType = text; name = LICENSE; path = ../LICENSE; sourceTree = "<group>"; };
		6C28B42400569E107BC245D2 /* Pods-ATDownLoader_Tests.release.xcconfig */ = {isa = PBXFileReference; includeInIndex = 1; lastKnownFileType = text.xcconfig; name = "Pods-ATDownLoader_Tests.release.xcconfig"; path = "Target Support Files/Pods-ATDownLoader_Tests/Pods-ATDownLoader_Tests.release.xcconfig"; sourceTree = "<group>"; };
		71719F9E1E33DC2100824A3D /* Base */ = {isa = PBXFileReference; lastKnownFileType = file.storyboard; name = Base; path = Base.lproj/LaunchScreen.storyboard; sourceTree = "<group>"; };
		7EF709304A12A87A68CACA83 /* Pods-ATDownLoader_Tests.debug.xcconfig */ = {isa = PBXFileReference; includeInIndex = 1; lastKnownFileType = text.xcconfig; name = "Pods-ATDownLoader_Tests.debug.xcconfig"; path = "Target Support Files/Pods-ATDownLoader_Tests/Pods-ATDownLoader_Tests.debug.xcconfig"; sourceTree = "<group>"; };
		873B8AEA1B1F5CCA007FD442 /* Main.storyboard */ = {isa = PBXFileReference; fileEncoding = 4; lastKnownFileType = file.storyboard; name = Main.storyboard; path = Base.lproj/Main.storyboard; sourceTree = "<group>"; };
		8883A2AD5389965F28127079 /* Pods_ATDownLoader_Tests.framework */ = {isa = PBXFileReference; explicitFileType = wrapper.framework; includeInIndex = 0; path = Pods_ATDownLoader_Tests.framework; sourceTree = BUILT_PRODUCTS_DIR; };
		954A3AF2C7E46F9DA9963D46 /* Pods-ATDownLoader_Example.release.xcconfig */ = {isa = PBXFileReference; includeInIndex = 1; lastKnownFileType = text.xcconfig; name = "Pods-ATDownLoader_Example.release.xcconfig"; path = "Target Support Files/Pods-ATDownLoader_Example/Pods-ATDownLoader_Example.release.xcconfig"; sourceTree = "<group>"; };
		CC5C3EC6E04B430441EDB328 /* README.md */ = {isa = PBXFileReference; includeInIndex = 1; lastKnownFileType = net.daringfireball.markdown; name = README.md; path = ../README.md; sourceTree = "<group>"; };
/* End PBXFileReference section */

/* Begin PBXFrameworksBuildPhase section */
		6003F587195388D20070C39A /* Frameworks */ = {
			isa = PBXFrameworksBuildPhase;
			buildActionMask = 2147483647;
			files = (
				6003F590195388D20070C39A /* CoreGraphics.framework in Frameworks */,
				6003F592195388D20070C39A /* UIKit.framework in Frameworks */,
				6003F58E195388D20070C39A /* Foundation.framework in Frameworks */,
				D890B99E3975FC72083A2712 /* Pods_ATDownLoader_Example.framework in Frameworks */,
			);
			runOnlyForDeploymentPostprocessing = 0;
		};
		6003F5AB195388D20070C39A /* Frameworks */ = {
			isa = PBXFrameworksBuildPhase;
			buildActionMask = 2147483647;
			files = (
				6003F5B0195388D20070C39A /* XCTest.framework in Frameworks */,
				6003F5B2195388D20070C39A /* UIKit.framework in Frameworks */,
				6003F5B1195388D20070C39A /* Foundation.framework in Frameworks */,
				25D94B0CEA0596EB8C3B1A37 /* Pods_ATDownLoader_Tests.framework in Frameworks */,
			);
			runOnlyForDeploymentPostprocessing = 0;
		};
/* End PBXFrameworksBuildPhase section */

/* Begin PBXGroup section */
		3165397D21D085FC0012A1D1 /* ATDownLoad */ = {
			isa = PBXGroup;
			children = (
				3165398021D085FC0012A1D1 /* NSString+ATMD5.h */,
				3165398521D085FC0012A1D1 /* NSString+ATMD5.m */,
				3165397F21D085FC0012A1D1 /* ATFileTool.h */,
				3165398221D085FC0012A1D1 /* ATFileTool.m */,
				3165398321D085FC0012A1D1 /* ATDownLoader.h */,
				3165397E21D085FC0012A1D1 /* ATDownLoader.m */,
				3165398121D085FC0012A1D1 /* ATDownLoaderManager.h */,
				3165398421D085FC0012A1D1 /* ATDownLoaderManager.m */,
			);
			path = ATDownLoad;
			sourceTree = "<group>";
		};
		3165398A21D22B8A0012A1D1 /* SSZipArchive */ = {
			isa = PBXGroup;
			children = (
				3165398B21D22B8A0012A1D1 /* ZipArchive.h */,
				3165398C21D22B8A0012A1D1 /* minizip */,
				316539B021D22B8A0012A1D1 /* SSZipArchive.h */,
				316539B121D22B8A0012A1D1 /* SSZipCommon.h */,
				316539B221D22B8A0012A1D1 /* SSZipArchive.m */,
			);
			path = SSZipArchive;
			sourceTree = "<group>";
		};
		3165398C21D22B8A0012A1D1 /* minizip */ = {
			isa = PBXGroup;
			children = (
				3165398D21D22B8A0012A1D1 /* crypt.c */,
				3165398E21D22B8A0012A1D1 /* unzip.c */,
				3165398F21D22B8A0012A1D1 /* zip.c */,
				3165399021D22B8A0012A1D1 /* minishared.h */,
				3165399121D22B8A0012A1D1 /* ioapi.c */,
				3165399221D22B8A0012A1D1 /* ioapi_mem.h */,
				3165399321D22B8A0012A1D1 /* ioapi_buf.c */,
				3165399421D22B8A0012A1D1 /* crypt.h */,
				3165399521D22B8A0012A1D1 /* zip.h */,
				3165399621D22B8A0012A1D1 /* unzip.h */,
				3165399721D22B8A0012A1D1 /* ioapi_mem.c */,
				3165399821D22B8A0012A1D1 /* minishared.c */,
				3165399921D22B8A0012A1D1 /* ioapi.h */,
				3165399A21D22B8A0012A1D1 /* ioapi_buf.h */,
				3165399B21D22B8A0012A1D1 /* aes */,
			);
			path = minizip;
			sourceTree = "<group>";
		};
		3165399B21D22B8A0012A1D1 /* aes */ = {
			isa = PBXGroup;
			children = (
				3165399C21D22B8A0012A1D1 /* prng.h */,
				3165399D21D22B8A0012A1D1 /* aes_ni.h */,
				3165399E21D22B8A0012A1D1 /* aeskey.c */,
				3165399F21D22B8A0012A1D1 /* hmac.c */,
				316539A021D22B8A0012A1D1 /* aestab.h */,
				316539A121D22B8A0012A1D1 /* pwd2key.h */,
				316539A221D22B8A0012A1D1 /* aescrypt.c */,
				316539A321D22B8A0012A1D1 /* fileenc.c */,
				316539A421D22B8A0012A1D1 /* aesopt.h */,
				316539A521D22B8A0012A1D1 /* sha1.c */,
				316539A621D22B8A0012A1D1 /* brg_types.h */,
				316539A721D22B8A0012A1D1 /* hmac.h */,
				316539A821D22B8A0012A1D1 /* aes_ni.c */,
				316539A921D22B8A0012A1D1 /* brg_endian.h */,
				316539AA21D22B8A0012A1D1 /* prng.c */,
				316539AB21D22B8A0012A1D1 /* aes.h */,
				316539AC21D22B8A0012A1D1 /* pwd2key.c */,
				316539AD21D22B8A0012A1D1 /* aestab.c */,
				316539AE21D22B8A0012A1D1 /* sha1.h */,
				316539AF21D22B8A0012A1D1 /* fileenc.h */,
			);
			path = aes;
			sourceTree = "<group>";
		};
		6003F581195388D10070C39A = {
			isa = PBXGroup;
			children = (
				60FF7A9C1954A5C5007DD14C /* Podspec Metadata */,
				6003F593195388D20070C39A /* Example for ATDownLoader */,
				6003F5B5195388D20070C39A /* Tests */,
				6003F58C195388D20070C39A /* Frameworks */,
				6003F58B195388D20070C39A /* Products */,
				ABFC29C4D4544E1F31310FA9 /* Pods */,
			);
			sourceTree = "<group>";
		};
		6003F58B195388D20070C39A /* Products */ = {
			isa = PBXGroup;
			children = (
				6003F58A195388D20070C39A /* ATDownLoader_Example.app */,
				6003F5AE195388D20070C39A /* ATDownLoader_Tests.xctest */,
			);
			name = Products;
			sourceTree = "<group>";
		};
		6003F58C195388D20070C39A /* Frameworks */ = {
			isa = PBXGroup;
			children = (
				6003F58D195388D20070C39A /* Foundation.framework */,
				6003F58F195388D20070C39A /* CoreGraphics.framework */,
				6003F591195388D20070C39A /* UIKit.framework */,
				6003F5AF195388D20070C39A /* XCTest.framework */,
				57B0A0767AE1783860000010 /* Pods_ATDownLoader_Example.framework */,
				8883A2AD5389965F28127079 /* Pods_ATDownLoader_Tests.framework */,
			);
			name = Frameworks;
			sourceTree = "<group>";
		};
		6003F593195388D20070C39A /* Example for ATDownLoader */ = {
			isa = PBXGroup;
			children = (
				3165398A21D22B8A0012A1D1 /* SSZipArchive */,
				3165397D21D085FC0012A1D1 /* ATDownLoad */,
				6003F59C195388D20070C39A /* ATAppDelegate.h */,
				6003F59D195388D20070C39A /* ATAppDelegate.m */,
				873B8AEA1B1F5CCA007FD442 /* Main.storyboard */,
				6003F5A5195388D20070C39A /* ATViewController.h */,
				6003F5A6195388D20070C39A /* ATViewController.m */,
				71719F9D1E33DC2100824A3D /* LaunchScreen.storyboard */,
				6003F5A8195388D20070C39A /* Images.xcassets */,
				6003F594195388D20070C39A /* Supporting Files */,
			);
			name = "Example for ATDownLoader";
			path = ATDownLoader;
			sourceTree = "<group>";
		};
		6003F594195388D20070C39A /* Supporting Files */ = {
			isa = PBXGroup;
			children = (
				6003F595195388D20070C39A /* ATDownLoader-Info.plist */,
				6003F596195388D20070C39A /* InfoPlist.strings */,
				6003F599195388D20070C39A /* main.m */,
				6003F59B195388D20070C39A /* ATDownLoader-Prefix.pch */,
			);
			name = "Supporting Files";
			sourceTree = "<group>";
		};
		6003F5B5195388D20070C39A /* Tests */ = {
			isa = PBXGroup;
			children = (
				6003F5BB195388D20070C39A /* Tests.m */,
				6003F5B6195388D20070C39A /* Supporting Files */,
			);
			path = Tests;
			sourceTree = "<group>";
		};
		6003F5B6195388D20070C39A /* Supporting Files */ = {
			isa = PBXGroup;
			children = (
				6003F5B7195388D20070C39A /* Tests-Info.plist */,
				6003F5B8195388D20070C39A /* InfoPlist.strings */,
				606FC2411953D9B200FFA9A0 /* Tests-Prefix.pch */,
			);
			name = "Supporting Files";
			sourceTree = "<group>";
		};
		60FF7A9C1954A5C5007DD14C /* Podspec Metadata */ = {
			isa = PBXGroup;
			children = (
				14F308B561BDF2EE0763BA05 /* ATDownLoader.podspec */,
				CC5C3EC6E04B430441EDB328 /* README.md */,
				65268E8FF9E060834CAEBB21 /* LICENSE */,
			);
			name = "Podspec Metadata";
			sourceTree = "<group>";
		};
		ABFC29C4D4544E1F31310FA9 /* Pods */ = {
			isa = PBXGroup;
			children = (
				2852CEDB213DC526224615E8 /* Pods-ATDownLoader_Example.debug.xcconfig */,
				954A3AF2C7E46F9DA9963D46 /* Pods-ATDownLoader_Example.release.xcconfig */,
				7EF709304A12A87A68CACA83 /* Pods-ATDownLoader_Tests.debug.xcconfig */,
				6C28B42400569E107BC245D2 /* Pods-ATDownLoader_Tests.release.xcconfig */,
			);
			path = Pods;
			sourceTree = "<group>";
		};
/* End PBXGroup section */

/* Begin PBXNativeTarget section */
		6003F589195388D20070C39A /* ATDownLoader_Example */ = {
			isa = PBXNativeTarget;
			buildConfigurationList = 6003F5BF195388D20070C39A /* Build configuration list for PBXNativeTarget "ATDownLoader_Example" */;
			buildPhases = (
				A8AA35EA7BBEFB99FE3E4C42 /* [CP] Check Pods Manifest.lock */,
				6003F586195388D20070C39A /* Sources */,
				6003F587195388D20070C39A /* Frameworks */,
				6003F588195388D20070C39A /* Resources */,
				C3B939F83EC07E2999030620 /* [CP] Embed Pods Frameworks */,
			);
			buildRules = (
			);
			dependencies = (
			);
			name = ATDownLoader_Example;
			productName = ATDownLoader;
			productReference = 6003F58A195388D20070C39A /* ATDownLoader_Example.app */;
			productType = "com.apple.product-type.application";
		};
		6003F5AD195388D20070C39A /* ATDownLoader_Tests */ = {
			isa = PBXNativeTarget;
			buildConfigurationList = 6003F5C2195388D20070C39A /* Build configuration list for PBXNativeTarget "ATDownLoader_Tests" */;
			buildPhases = (
				8F5D747E3A544D8A90FAF5DE /* [CP] Check Pods Manifest.lock */,
				6003F5AA195388D20070C39A /* Sources */,
				6003F5AB195388D20070C39A /* Frameworks */,
				6003F5AC195388D20070C39A /* Resources */,
			);
			buildRules = (
			);
			dependencies = (
				6003F5B4195388D20070C39A /* PBXTargetDependency */,
			);
			name = ATDownLoader_Tests;
			productName = ATDownLoaderTests;
			productReference = 6003F5AE195388D20070C39A /* ATDownLoader_Tests.xctest */;
			productType = "com.apple.product-type.bundle.unit-test";
		};
/* End PBXNativeTarget section */

/* Begin PBXProject section */
		6003F582195388D10070C39A /* Project object */ = {
			isa = PBXProject;
			attributes = {
				CLASSPREFIX = AT;
				LastUpgradeCheck = 0720;
				ORGANIZATIONNAME = Spaino;
				TargetAttributes = {
					6003F589195388D20070C39A = {
						ProvisioningStyle = Manual;
					};
					6003F5AD195388D20070C39A = {
						TestTargetID = 6003F589195388D20070C39A;
					};
				};
			};
			buildConfigurationList = 6003F585195388D10070C39A /* Build configuration list for PBXProject "ATDownLoader" */;
			compatibilityVersion = "Xcode 3.2";
			developmentRegion = English;
			hasScannedForEncodings = 0;
			knownRegions = (
				en,
				Base,
			);
			mainGroup = 6003F581195388D10070C39A;
			productRefGroup = 6003F58B195388D20070C39A /* Products */;
			projectDirPath = "";
			projectRoot = "";
			targets = (
				6003F589195388D20070C39A /* ATDownLoader_Example */,
				6003F5AD195388D20070C39A /* ATDownLoader_Tests */,
			);
		};
/* End PBXProject section */

/* Begin PBXResourcesBuildPhase section */
		6003F588195388D20070C39A /* Resources */ = {
			isa = PBXResourcesBuildPhase;
			buildActionMask = 2147483647;
			files = (
				873B8AEB1B1F5CCA007FD442 /* Main.storyboard in Resources */,
				71719F9F1E33DC2100824A3D /* LaunchScreen.storyboard in Resources */,
				6003F5A9195388D20070C39A /* Images.xcassets in Resources */,
				6003F598195388D20070C39A /* InfoPlist.strings in Resources */,
			);
			runOnlyForDeploymentPostprocessing = 0;
		};
		6003F5AC195388D20070C39A /* Resources */ = {
			isa = PBXResourcesBuildPhase;
			buildActionMask = 2147483647;
			files = (
				6003F5BA195388D20070C39A /* InfoPlist.strings in Resources */,
			);
			runOnlyForDeploymentPostprocessing = 0;
		};
/* End PBXResourcesBuildPhase section */

/* Begin PBXShellScriptBuildPhase section */
		8F5D747E3A544D8A90FAF5DE /* [CP] Check Pods Manifest.lock */ = {
			isa = PBXShellScriptBuildPhase;
			buildActionMask = 2147483647;
			files = (
			);
			inputFileListPaths = (
			);
			inputPaths = (
				"${PODS_PODFILE_DIR_PATH}/Podfile.lock",
				"${PODS_ROOT}/Manifest.lock",
			);
			name = "[CP] Check Pods Manifest.lock";
			outputFileListPaths = (
			);
			outputPaths = (
				"$(DERIVED_FILE_DIR)/Pods-ATDownLoader_Tests-checkManifestLockResult.txt",
			);
			runOnlyForDeploymentPostprocessing = 0;
			shellPath = /bin/sh;
			shellScript = "diff \"${PODS_PODFILE_DIR_PATH}/Podfile.lock\" \"${PODS_ROOT}/Manifest.lock\" > /dev/null\nif [ $? != 0 ] ; then\n    # print error to STDERR\n    echo \"error: The sandbox is not in sync with the Podfile.lock. Run 'pod install' or update your CocoaPods installation.\" >&2\n    exit 1\nfi\n# This output is used by Xcode 'outputs' to avoid re-running this script phase.\necho \"SUCCESS\" > \"${SCRIPT_OUTPUT_FILE_0}\"\n";
			showEnvVarsInLog = 0;
		};
		A8AA35EA7BBEFB99FE3E4C42 /* [CP] Check Pods Manifest.lock */ = {
			isa = PBXShellScriptBuildPhase;
			buildActionMask = 2147483647;
			files = (
			);
			inputFileListPaths = (
			);
			inputPaths = (
				"${PODS_PODFILE_DIR_PATH}/Podfile.lock",
				"${PODS_ROOT}/Manifest.lock",
			);
			name = "[CP] Check Pods Manifest.lock";
			outputFileListPaths = (
			);
			outputPaths = (
				"$(DERIVED_FILE_DIR)/Pods-ATDownLoader_Example-checkManifestLockResult.txt",
			);
			runOnlyForDeploymentPostprocessing = 0;
			shellPath = /bin/sh;
			shellScript = "diff \"${PODS_PODFILE_DIR_PATH}/Podfile.lock\" \"${PODS_ROOT}/Manifest.lock\" > /dev/null\nif [ $? != 0 ] ; then\n    # print error to STDERR\n    echo \"error: The sandbox is not in sync with the Podfile.lock. Run 'pod install' or update your CocoaPods installation.\" >&2\n    exit 1\nfi\n# This output is used by Xcode 'outputs' to avoid re-running this script phase.\necho \"SUCCESS\" > \"${SCRIPT_OUTPUT_FILE_0}\"\n";
			showEnvVarsInLog = 0;
		};
		C3B939F83EC07E2999030620 /* [CP] Embed Pods Frameworks */ = {
			isa = PBXShellScriptBuildPhase;
			buildActionMask = 2147483647;
			files = (
			);
			inputFileListPaths = (
			);
			inputPaths = (
				"${PODS_ROOT}/Target Support Files/Pods-ATDownLoader_Example/Pods-ATDownLoader_Example-frameworks.sh",
				"${BUILT_PRODUCTS_DIR}/ATDownLoader/ATDownLoader.framework",
			);
			name = "[CP] Embed Pods Frameworks";
			outputFileListPaths = (
			);
			outputPaths = (
				"${TARGET_BUILD_DIR}/${FRAMEWORKS_FOLDER_PATH}/ATDownLoader.framework",
			);
			runOnlyForDeploymentPostprocessing = 0;
			shellPath = /bin/sh;
			shellScript = "\"${PODS_ROOT}/Target Support Files/Pods-ATDownLoader_Example/Pods-ATDownLoader_Example-frameworks.sh\"\n";
			showEnvVarsInLog = 0;
		};
/* End PBXShellScriptBuildPhase section */

/* Begin PBXSourcesBuildPhase section */
		6003F586195388D20070C39A /* Sources */ = {
			isa = PBXSourcesBuildPhase;
			buildActionMask = 2147483647;
			files = (
				316539BF21D22B8A0012A1D1 /* aes_ni.c in Sources */,
				316539BB21D22B8A0012A1D1 /* hmac.c in Sources */,
				316539B421D22B8A0012A1D1 /* unzip.c in Sources */,
				316539B921D22B8A0012A1D1 /* minishared.c in Sources */,
				6003F59E195388D20070C39A /* ATAppDelegate.m in Sources */,
				3165398621D085FC0012A1D1 /* ATDownLoader.m in Sources */,
				316539B821D22B8A0012A1D1 /* ioapi_mem.c in Sources */,
				316539B521D22B8A0012A1D1 /* zip.c in Sources */,
				316539B321D22B8A0012A1D1 /* crypt.c in Sources */,
				316539BC21D22B8A0012A1D1 /* aescrypt.c in Sources */,
				6003F5A7195388D20070C39A /* ATViewController.m in Sources */,
				316539B721D22B8A0012A1D1 /* ioapi_buf.c in Sources */,
				316539C121D22B8A0012A1D1 /* pwd2key.c in Sources */,
				316539C021D22B8A0012A1D1 /* prng.c in Sources */,
				316539BA21D22B8A0012A1D1 /* aeskey.c in Sources */,
				316539BE21D22B8A0012A1D1 /* sha1.c in Sources */,
				316539BD21D22B8A0012A1D1 /* fileenc.c in Sources */,
				6003F59A195388D20070C39A /* main.m in Sources */,
				3165398921D085FC0012A1D1 /* NSString+ATMD5.m in Sources */,
				316539B621D22B8A0012A1D1 /* ioapi.c in Sources */,
				316539C321D22B8A0012A1D1 /* SSZipArchive.m in Sources */,
				3165398721D085FC0012A1D1 /* ATFileTool.m in Sources */,
				316539C221D22B8A0012A1D1 /* aestab.c in Sources */,
				3165398821D085FC0012A1D1 /* ATDownLoaderManager.m in Sources */,
			);
			runOnlyForDeploymentPostprocessing = 0;
		};
		6003F5AA195388D20070C39A /* Sources */ = {
			isa = PBXSourcesBuildPhase;
			buildActionMask = 2147483647;
			files = (
				6003F5BC195388D20070C39A /* Tests.m in Sources */,
			);
			runOnlyForDeploymentPostprocessing = 0;
		};
/* End PBXSourcesBuildPhase section */

/* Begin PBXTargetDependency section */
		6003F5B4195388D20070C39A /* PBXTargetDependency */ = {
			isa = PBXTargetDependency;
			target = 6003F589195388D20070C39A /* ATDownLoader_Example */;
			targetProxy = 6003F5B3195388D20070C39A /* PBXContainerItemProxy */;
		};
/* End PBXTargetDependency section */

/* Begin PBXVariantGroup section */
		6003F596195388D20070C39A /* InfoPlist.strings */ = {
			isa = PBXVariantGroup;
			children = (
				6003F597195388D20070C39A /* en */,
			);
			name = InfoPlist.strings;
			sourceTree = "<group>";
		};
		6003F5B8195388D20070C39A /* InfoPlist.strings */ = {
			isa = PBXVariantGroup;
			children = (
				6003F5B9195388D20070C39A /* en */,
			);
			name = InfoPlist.strings;
			sourceTree = "<group>";
		};
		71719F9D1E33DC2100824A3D /* LaunchScreen.storyboard */ = {
			isa = PBXVariantGroup;
			children = (
				71719F9E1E33DC2100824A3D /* Base */,
			);
			name = LaunchScreen.storyboard;
			sourceTree = "<group>";
		};
/* End PBXVariantGroup section */

/* Begin XCBuildConfiguration section */
		6003F5BD195388D20070C39A /* Debug */ = {
			isa = XCBuildConfiguration;
			buildSettings = {
				ALWAYS_SEARCH_USER_PATHS = NO;
				CLANG_CXX_LANGUAGE_STANDARD = "gnu++0x";
				CLANG_CXX_LIBRARY = "libc++";
				CLANG_ENABLE_MODULES = YES;
				CLANG_ENABLE_OBJC_ARC = YES;
				CLANG_WARN_BOOL_CONVERSION = YES;
				CLANG_WARN_CONSTANT_CONVERSION = YES;
				CLANG_WARN_DIRECT_OBJC_ISA_USAGE = YES_ERROR;
				CLANG_WARN_EMPTY_BODY = YES;
				CLANG_WARN_ENUM_CONVERSION = YES;
				CLANG_WARN_INT_CONVERSION = YES;
				CLANG_WARN_OBJC_ROOT_CLASS = YES_ERROR;
				CLANG_WARN__DUPLICATE_METHOD_MATCH = YES;
				"CODE_SIGN_IDENTITY[sdk=iphoneos*]" = "iPhone Developer";
				COPY_PHASE_STRIP = NO;
				ENABLE_TESTABILITY = YES;
				GCC_C_LANGUAGE_STANDARD = gnu99;
				GCC_DYNAMIC_NO_PIC = NO;
				GCC_OPTIMIZATION_LEVEL = 0;
				GCC_PREPROCESSOR_DEFINITIONS = (
					"DEBUG=1",
					"$(inherited)",
				);
				GCC_SYMBOLS_PRIVATE_EXTERN = NO;
				GCC_WARN_64_TO_32_BIT_CONVERSION = YES;
				GCC_WARN_ABOUT_RETURN_TYPE = YES_ERROR;
				GCC_WARN_UNDECLARED_SELECTOR = YES;
				GCC_WARN_UNINITIALIZED_AUTOS = YES_AGGRESSIVE;
				GCC_WARN_UNUSED_FUNCTION = YES;
				GCC_WARN_UNUSED_VARIABLE = YES;
				IPHONEOS_DEPLOYMENT_TARGET = 9.3;
				ONLY_ACTIVE_ARCH = YES;
				SDKROOT = iphoneos;
				TARGETED_DEVICE_FAMILY = "1,2";
			};
			name = Debug;
		};
		6003F5BE195388D20070C39A /* Release */ = {
			isa = XCBuildConfiguration;
			buildSettings = {
				ALWAYS_SEARCH_USER_PATHS = NO;
				CLANG_CXX_LANGUAGE_STANDARD = "gnu++0x";
				CLANG_CXX_LIBRARY = "libc++";
				CLANG_ENABLE_MODULES = YES;
				CLANG_ENABLE_OBJC_ARC = YES;
				CLANG_WARN_BOOL_CONVERSION = YES;
				CLANG_WARN_CONSTANT_CONVERSION = YES;
				CLANG_WARN_DIRECT_OBJC_ISA_USAGE = YES_ERROR;
				CLANG_WARN_EMPTY_BODY = YES;
				CLANG_WARN_ENUM_CONVERSION = YES;
				CLANG_WARN_INT_CONVERSION = YES;
				CLANG_WARN_OBJC_ROOT_CLASS = YES_ERROR;
				CLANG_WARN__DUPLICATE_METHOD_MATCH = YES;
				"CODE_SIGN_IDENTITY[sdk=iphoneos*]" = "iPhone Developer";
				COPY_PHASE_STRIP = YES;
				ENABLE_NS_ASSERTIONS = NO;
				GCC_C_LANGUAGE_STANDARD = gnu99;
				GCC_WARN_64_TO_32_BIT_CONVERSION = YES;
				GCC_WARN_ABOUT_RETURN_TYPE = YES_ERROR;
				GCC_WARN_UNDECLARED_SELECTOR = YES;
				GCC_WARN_UNINITIALIZED_AUTOS = YES_AGGRESSIVE;
				GCC_WARN_UNUSED_FUNCTION = YES;
				GCC_WARN_UNUSED_VARIABLE = YES;
				IPHONEOS_DEPLOYMENT_TARGET = 9.3;
				SDKROOT = iphoneos;
				TARGETED_DEVICE_FAMILY = "1,2";
				VALIDATE_PRODUCT = YES;
			};
			name = Release;
		};
		6003F5C0195388D20070C39A /* Debug */ = {
			isa = XCBuildConfiguration;
			baseConfigurationReference = 2852CEDB213DC526224615E8 /* Pods-ATDownLoader_Example.debug.xcconfig */;
			buildSettings = {
				ASSETCATALOG_COMPILER_APPICON_NAME = AppIcon;
				CODE_SIGN_STYLE = Manual;
				DEVELOPMENT_TEAM = "";
				GCC_PRECOMPILE_PREFIX_HEADER = YES;
				GCC_PREFIX_HEADER = "ATDownLoader/ATDownLoader-Prefix.pch";
				INFOPLIST_FILE = "ATDownLoader/ATDownLoader-Info.plist";
				MODULE_NAME = ExampleApp;
				PRODUCT_BUNDLE_IDENTIFIER = "org.cocoapods.demo.${PRODUCT_NAME:rfc1034identifier}";
				PRODUCT_NAME = "$(TARGET_NAME)";
				PROVISIONING_PROFILE_SPECIFIER = "";
				WRAPPER_EXTENSION = app;
			};
			name = Debug;
		};
		6003F5C1195388D20070C39A /* Release */ = {
			isa = XCBuildConfiguration;
			baseConfigurationReference = 954A3AF2C7E46F9DA9963D46 /* Pods-ATDownLoader_Example.release.xcconfig */;
			buildSettings = {
				ASSETCATALOG_COMPILER_APPICON_NAME = AppIcon;
				CODE_SIGN_STYLE = Manual;
				DEVELOPMENT_TEAM = "";
				GCC_PRECOMPILE_PREFIX_HEADER = YES;
				GCC_PREFIX_HEADER = "ATDownLoader/ATDownLoader-Prefix.pch";
				INFOPLIST_FILE = "ATDownLoader/ATDownLoader-Info.plist";
				MODULE_NAME = ExampleApp;
				PRODUCT_BUNDLE_IDENTIFIER = "org.cocoapods.demo.${PRODUCT_NAME:rfc1034identifier}";
				PRODUCT_NAME = "$(TARGET_NAME)";
				PROVISIONING_PROFILE_SPECIFIER = "";
				WRAPPER_EXTENSION = app;
			};
			name = Release;
		};
		6003F5C3195388D20070C39A /* Debug */ = {
			isa = XCBuildConfiguration;
			baseConfigurationReference = 7EF709304A12A87A68CACA83 /* Pods-ATDownLoader_Tests.debug.xcconfig */;
			buildSettings = {
				BUNDLE_LOADER = "$(TEST_HOST)";
				FRAMEWORK_SEARCH_PATHS = (
					"$(SDKROOT)/Developer/Library/Frameworks",
					"$(inherited)",
					"$(DEVELOPER_FRAMEWORKS_DIR)",
				);
				GCC_PRECOMPILE_PREFIX_HEADER = YES;
				GCC_PREFIX_HEADER = "Tests/Tests-Prefix.pch";
				GCC_PREPROCESSOR_DEFINITIONS = (
					"DEBUG=1",
					"$(inherited)",
				);
				INFOPLIST_FILE = "Tests/Tests-Info.plist";
				PRODUCT_BUNDLE_IDENTIFIER = "org.cocoapods.demo.${PRODUCT_NAME:rfc1034identifier}";
				PRODUCT_NAME = "$(TARGET_NAME)";
				TEST_HOST = "$(BUILT_PRODUCTS_DIR)/ATDownLoader_Example.app/ATDownLoader_Example";
				WRAPPER_EXTENSION = xctest;
			};
			name = Debug;
		};
		6003F5C4195388D20070C39A /* Release */ = {
			isa = XCBuildConfiguration;
			baseConfigurationReference = 6C28B42400569E107BC245D2 /* Pods-ATDownLoader_Tests.release.xcconfig */;
			buildSettings = {
				BUNDLE_LOADER = "$(TEST_HOST)";
				FRAMEWORK_SEARCH_PATHS = (
					"$(SDKROOT)/Developer/Library/Frameworks",
					"$(inherited)",
					"$(DEVELOPER_FRAMEWORKS_DIR)",
				);
				GCC_PRECOMPILE_PREFIX_HEADER = YES;
				GCC_PREFIX_HEADER = "Tests/Tests-Prefix.pch";
				INFOPLIST_FILE = "Tests/Tests-Info.plist";
				PRODUCT_BUNDLE_IDENTIFIER = "org.cocoapods.demo.${PRODUCT_NAME:rfc1034identifier}";
				PRODUCT_NAME = "$(TARGET_NAME)";
				TEST_HOST = "$(BUILT_PRODUCTS_DIR)/ATDownLoader_Example.app/ATDownLoader_Example";
				WRAPPER_EXTENSION = xctest;
			};
			name = Release;
		};
/* End XCBuildConfiguration section */

/* Begin XCConfigurationList section */
		6003F585195388D10070C39A /* Build configuration list for PBXProject "ATDownLoader" */ = {
			isa = XCConfigurationList;
			buildConfigurations = (
				6003F5BD195388D20070C39A /* Debug */,
				6003F5BE195388D20070C39A /* Release */,
			);
			defaultConfigurationIsVisible = 0;
			defaultConfigurationName = Release;
		};
		6003F5BF195388D20070C39A /* Build configuration list for PBXNativeTarget "ATDownLoader_Example" */ = {
			isa = XCConfigurationList;
			buildConfigurations = (
				6003F5C0195388D20070C39A /* Debug */,
				6003F5C1195388D20070C39A /* Release */,
			);
			defaultConfigurationIsVisible = 0;
			defaultConfigurationName = Release;
		};
		6003F5C2195388D20070C39A /* Build configuration list for PBXNativeTarget "ATDownLoader_Tests" */ = {
			isa = XCConfigurationList;
			buildConfigurations = (
				6003F5C3195388D20070C39A /* Debug */,
				6003F5C4195388D20070C39A /* Release */,
			);
			defaultConfigurationIsVisible = 0;
			defaultConfigurationName = Release;
		};
/* End XCConfigurationList section */
	};
	rootObject = 6003F582195388D10070C39A /* Project object */;
}
